<?xml version="1.0" encoding="utf-8"?>
<Project ToolsVersion="4.0" xmlns="http://schemas.microsoft.com/developer/msbuild/2003">
  <ItemGroup>
    <Filter Include="Source Files">
      <UniqueIdentifier>{4FC737F1-C7A5-4376-A066-2A32D752A2FF}</UniqueIdentifier>
      <Extensions>cpp;c;cc;cxx;def;odl;idl;hpj;bat;asm;asmx</Extensions>
    </Filter>
    <Filter Include="Header Files">
      <UniqueIdentifier>{93995380-89BD-4b04-88EB-625FBE52EBFB}</UniqueIdentifier>
      <Extensions>h;hh;hpp;hxx;hm;inl;inc;xsd</Extensions>
    </Filter>
    <Filter Include="Source Files\Resource Files">
      <UniqueIdentifier>{67DA6AB6-F800-4c08-8B7A-83BB121AAD01}</UniqueIdentifier>
      <Extensions>rc;ico;cur;bmp;dlg;rc2;rct;bin;rgs;gif;jpg;jpeg;jpe;resx;tiff;tif;png;wav;mfcribbon-ms</Extensions>
    </Filter>
  </ItemGroup>
  <ItemGroup>
    <ClCompile Include="FormInicio.cpp">
      <Filter>Source Files</Filter>
    </ClCompile>
    <ClCompile Include="FormUnJugador.cpp">
      <Filter>Source Files</Filter>
    </ClCompile>
    <ClCompile Include="Mapa.cpp">
      <Filter>Source Files</Filter>
    </ClCompile>
    <ClCompile Include="Enemigo.cpp">
      <Filter>Source Files</Filter>
    </ClCompile>
    <ClCompile Include="Poder.cpp">
      <Filter>Source Files</Filter>
    </ClCompile>
    <ClCompile Include="Jugador.cpp">
      <Filter>Source Files</Filter>
    </ClCompile>
    <ClCompile Include="Bomba.cpp">
      <Filter>Source Files</Filter>
    </ClCompile>
    <ClCompile Include="Gestor.cpp">
      <Filter>Source Files</Filter>
    </ClCompile>
  </ItemGroup>
  <ItemGroup>
    <ClInclude Include="FormInicio.h">
      <Filter>Header Files</Filter>
    </ClInclude>
    <ClInclude Include="Mapa.h">
      <Filter>Header Files</Filter>
    </ClInclude>
    <ClInclude Include="Enemigo.h">
      <Filter>Header Files</Filter>
    </ClInclude>
    <ClInclude Include="Poder.h">
      <Filter>Header Files</Filter>
    </ClInclude>
    <ClInclude Include="Jugador.h">
      <Filter>Header Files</Filter>
    </ClInclude>
    <ClInclude Include="Bomba.h">
      <Filter>Header Files</Filter>
    </ClInclude>
    <ClInclude Include="Gestor.h">
      <Filter>Header Files</Filter>
    </ClInclude>
    <ClInclude Include="FormUnJugador.h">
      <Filter>Header Files</Filter>
    </ClInclude>
  </ItemGroup>
  <ItemGroup>
    <Image Include="Poder_Corazon.png">
      <Filter>Source Files\Resource Files</Filter>
    </Image>
    <Image Include="Salida.png">
      <Filter>Source Files\Resource Files</Filter>
    </Image>
    <Image Include="Poder_Muerte.jpg">
      <Filter>Source Files\Resource Files</Filter>
    </Image>
    <Image Include="Poder_Bloques.png">
      <Filter>Source Files\Resource Files</Filter>
    </Image>
  </ItemGroup>
  <ItemGroup>
    <EmbeddedResource Include="FormInicio.resx">
      <Filter>Source Files\Resource Files</Filter>
    </EmbeddedResource>
    <EmbeddedResource Include="FormUnJugador.resx">
      <Filter>Source Files\Resource Files</Filter>
    </EmbeddedResource>
  </ItemGroup>
</Project>